
Microsoft Visual Studio Solution File, Format Version 12.00
# Visual Studio Version 17
VisualStudioVersion = 17.0.31903.59
MinimumVisualStudioVersion = 10.0.40219.1
Project("{FAE04EC0-301F-11D3-BF4B-00C04F79EFBC}") = "tamagotchi_Extreme", "tamagotchi_Extreme\tamagotchi_Extreme.csproj", "{723E83D7-9714-43C1-9E7B-14060F2F720A}"
EndProject
Global
	GlobalSection(SolutionConfigurationPlatforms) = preSolution
		Debug|Any CPU = Debug|Any CPU
		Release|Any CPU = Release|Any CPU
	EndGlobalSection
	GlobalSection(SolutionProperties) = preSolution
		HideSolutionNode = FALSE
	EndGlobalSection
	GlobalSection(ProjectConfigurationPlatforms) = postSolution
		{723E83D7-9714-43C1-9E7B-14060F2F720A}.Debug|Any CPU.ActiveCfg = Debug|Any CPU
		{723E83D7-9714-43C1-9E7B-14060F2F720A}.Debug|Any CPU.Build.0 = Debug|Any CPU
		{723E83D7-9714-43C1-9E7B-14060F2F720A}.Release|Any CPU.ActiveCfg = Release|Any CPU
		{723E83D7-9714-43C1-9E7B-14060F2F720A}.Release|Any CPU.Build.0 = Release|Any CPU
	EndGlobalSection
EndGlobal
